
Microsoft Visual Studio Solution File, Format Version 12.00
# Visual Studio Version 17
VisualStudioVersion = 17.0.31919.166
MinimumVisualStudioVersion = 10.0.40219.1
Project("{FAE04EC0-301F-11D3-BF4B-00C04F79EFBC}") = "TpFonction", "TpFonction\TpFonction.csproj", "{669985F5-5CA8-464E-99D5-BD245FB60CEB}"
EndProject
Project("{FAE04EC0-301F-11D3-BF4B-00C04F79EFBC}") = "TpFonctionTest.nunit", "TpFonctionTest.nunit\TpFonctionTest.nunit.csproj", "{83B7F00E-D053-4119-AD3C-7497A8CE93A2}"
EndProject
Global
	GlobalSection(SolutionConfigurationPlatforms) = preSolution
		Debug|Any CPU = Debug|Any CPU
		Release|Any CPU = Release|Any CPU
	EndGlobalSection
	GlobalSection(ProjectConfigurationPlatforms) = postSolution
		{669985F5-5CA8-464E-99D5-BD245FB60CEB}.Debug|Any CPU.ActiveCfg = Debug|Any CPU
		{669985F5-5CA8-464E-99D5-BD245FB60CEB}.Debug|Any CPU.Build.0 = Debug|Any CPU
		{669985F5-5CA8-464E-99D5-BD245FB60CEB}.Release|Any CPU.ActiveCfg = Release|Any CPU
		{669985F5-5CA8-464E-99D5-BD245FB60CEB}.Release|Any CPU.Build.0 = Release|Any CPU
		{83B7F00E-D053-4119-AD3C-7497A8CE93A2}.Debug|Any CPU.ActiveCfg = Debug|Any CPU
		{83B7F00E-D053-4119-AD3C-7497A8CE93A2}.Debug|Any CPU.Build.0 = Debug|Any CPU
		{83B7F00E-D053-4119-AD3C-7497A8CE93A2}.Release|Any CPU.ActiveCfg = Release|Any CPU
		{83B7F00E-D053-4119-AD3C-7497A8CE93A2}.Release|Any CPU.Build.0 = Release|Any CPU
	EndGlobalSection
	GlobalSection(SolutionProperties) = preSolution
		HideSolutionNode = FALSE
	EndGlobalSection
	GlobalSection(ExtensibilityGlobals) = postSolution
		SolutionGuid = {57226C27-DC96-4FD6-8243-7BF73DF08149}
	EndGlobalSection
EndGlobal
